schema: '2.0'
stages:
  data_ingestion:
    cmd: python 
      src/Kidney_Disease_Classification/pipeline/stage_01_data_ingestion.py
    deps:
    - path: config/config.yaml
      hash: md5
      md5: de308b7a4ebe6c0bd97fe6e3c2dac08a
      size: 729
    - path: 
        src/Kidney_Disease_Classification/pipeline/stage_01_data_ingestion.py
      hash: md5
      md5: ed97d2b7372982eb34b659c741400026
      size: 956
    outs:
    - path: artifacts/data_ingestion
      hash: md5
      md5: abc2f23aed982e51c007c3bc234ae6d0.dir
      size: 1901167383
      nfiles: 7361
  prepare_base_model:
    cmd: python 
      src/Kidney_Disease_Classification/pipeline/stage_02_prepare_base_model.py
    deps:
    - path: config/config.yaml
      hash: md5
      md5: de308b7a4ebe6c0bd97fe6e3c2dac08a
      size: 729
    - path: 
        src/Kidney_Disease_Classification/pipeline/stage_02_prepare_base_model.py
      hash: md5
      md5: 7bfe2bbcc795cc281be1bf988e2bff8f
      size: 1067
    params:
      params.yaml:
        classes: 1
        image_size:
        - 224
        - 224
        - 3
        include_top: false
        learning_rate: 0.001
        weights: imagenet
    outs:
    - path: artifacts/prepare_base_model
      hash: md5
      md5: 24df203f80f895190db4c10a8e9c2cf9.dir
      size: 59033784
      nfiles: 1
  training:
    cmd: python 
      src/Kidney_Disease_Classification/pipeline/stage_03_model_training.py
    deps:
    - path: artifacts/data_ingestion
      hash: md5
      md5: abc2f23aed982e51c007c3bc234ae6d0.dir
      size: 1901167383
      nfiles: 7361
    - path: config/config.yaml
      hash: md5
      md5: de308b7a4ebe6c0bd97fe6e3c2dac08a
      size: 729
    - path: 
        src/Kidney_Disease_Classification/pipeline/stage_03_model_training.py
      hash: md5
      md5: 000e5b7713b8977f739a48120a8a1644
      size: 1379
    params:
      params.yaml:
        augmentation: true
        batch_size: 32
        epochs: 5
        image_size:
        - 224
        - 224
        - 3
    outs:
    - path: artifacts/training/model.h5
      hash: md5
      md5: 57cf22ffa50a6a5a2b447f5ea048fbc5
      size: 87460480
  evaluation:
    cmd: python 
      src/Kidney_Disease_Classification/pipeline/stage_04_model_evaluation.py
    deps:
    - path: artifacts/data_ingestion
      hash: md5
      md5: abc2f23aed982e51c007c3bc234ae6d0.dir
      size: 1901167383
      nfiles: 7361
    - path: artifacts/training/model.h5
      hash: md5
      md5: 57cf22ffa50a6a5a2b447f5ea048fbc5
      size: 87460480
    - path: config/config.yaml
      hash: md5
      md5: de308b7a4ebe6c0bd97fe6e3c2dac08a
      size: 729
    - path: 
        src/Kidney_Disease_Classification/pipeline/stage_04_model_evaluation.py
      hash: md5
      md5: 835d490d7ecaa2d77327f31b78a634b1
      size: 967
    params:
      params.yaml:
        batch_size: 32
        image_size:
        - 224
        - 224
        - 3
    outs:
    - path: scores.json
      hash: md5
      md5: ad1edce0984be58f5f0081032e4ce8ca
      size: 58
