schema: '2.0'
stages:
  data_ingestion:
    cmd: python 
      src/Kidney_Disease_Classification/pipeline/stage_01_data_ingestion.py
    deps:
    - path: config/config.yaml
      hash: md5
      md5: 79d8351b98828a5e97f6d0e3d7a201b5
      size: 734
    - path: 
        src/Kidney_Disease_Classification/pipeline/stage_01_data_ingestion.py
      hash: md5
      md5: ed97d2b7372982eb34b659c741400026
      size: 956
    outs:
    - path: artifacts/data_ingestion
      hash: md5
      md5: abc2f23aed982e51c007c3bc234ae6d0.dir
      size: 1901167383
      nfiles: 7361
  prepare_base_model:
    cmd: python 
      src/Kidney_Disease_Classification/pipeline/stage_02_prepare_base_model.py
    deps:
    - path: config/config.yaml
      hash: md5
      md5: 79d8351b98828a5e97f6d0e3d7a201b5
      size: 734
    - path: 
        src/Kidney_Disease_Classification/pipeline/stage_02_prepare_base_model.py
      hash: md5
      md5: 7bfe2bbcc795cc281be1bf988e2bff8f
      size: 1067
    params:
      params.yaml:
        classes: 2
        image_size:
        - 224
        - 224
        - 3
        include_top: false
        learning_rate: 0.0001
        weights: imagenet
    outs:
    - path: artifacts/prepare_base_model
      hash: md5
      md5: 2a0e89a581d70af1dbc602f6af212762.dir
      size: 59033784
      nfiles: 1
  training:
    cmd: python 
      src/Kidney_Disease_Classification/pipeline/stage_03_model_training.py
    deps:
    - path: artifacts/data_ingestion
      hash: md5
      md5: abc2f23aed982e51c007c3bc234ae6d0.dir
      size: 1901167383
      nfiles: 7361
    - path: config/config.yaml
      hash: md5
      md5: 79d8351b98828a5e97f6d0e3d7a201b5
      size: 734
    - path: 
        src/Kidney_Disease_Classification/pipeline/stage_03_model_training.py
      hash: md5
      md5: 02f271f45e1037c97ad1a7c128a75692
      size: 1616
    params:
      params.yaml:
        augmentation: true
        batch_size: 32
        epochs: 1
        image_size:
        - 224
        - 224
        - 3
    outs:
    - path: artifacts/training/model.h5
      hash: md5
      md5: 95226190ebc37f8ec72a13f147ddcd51
      size: 59136816
    - path: prediction_model/updated_model.h5
      hash: md5
      md5: 21ec090b38ac9ef34f9477114863459f
      size: 59033784
  evaluation:
    cmd: python 
      src/Kidney_Disease_Classification/pipeline/stage_04_model_evaluation.py
    deps:
    - path: artifacts/data_ingestion
      hash: md5
      md5: abc2f23aed982e51c007c3bc234ae6d0.dir
      size: 1901167383
      nfiles: 7361
    - path: artifacts/training/model.h5
      hash: md5
      md5: 95226190ebc37f8ec72a13f147ddcd51
      size: 59136816
    - path: config/config.yaml
      hash: md5
      md5: 79d8351b98828a5e97f6d0e3d7a201b5
      size: 734
    - path: 
        src/Kidney_Disease_Classification/pipeline/stage_04_model_evaluation.py
      hash: md5
      md5: 835d490d7ecaa2d77327f31b78a634b1
      size: 967
    params:
      params.yaml:
        batch_size: 32
        image_size:
        - 224
        - 224
        - 3
    outs:
    - path: scores.json
      hash: md5
      md5: 0c1e134b1084f04be83112d7b36ec5de
      size: 58
